
Microsoft Visual Studio Solution File, Format Version 12.00
# Visual Studio Version 17
VisualStudioVersion = 17.8.34511.84
MinimumVisualStudioVersion = 10.0.40219.1
Project("{FAE04EC0-301F-11D3-BF4B-00C04F79EFBC}") = "ATV2_CJ3022552", "ATV2_CJ3022552\ATV2_CJ3022552.csproj", "{4E793979-A827-447D-8282-C0C0A75C461C}"
EndProject
Global
	GlobalSection(SolutionConfigurationPlatforms) = preSolution
		Debug|Any CPU = Debug|Any CPU
		Release|Any CPU = Release|Any CPU
	EndGlobalSection
	GlobalSection(ProjectConfigurationPlatforms) = postSolution
		{4E793979-A827-447D-8282-C0C0A75C461C}.Debug|Any CPU.ActiveCfg = Debug|Any CPU
		{4E793979-A827-447D-8282-C0C0A75C461C}.Debug|Any CPU.Build.0 = Debug|Any CPU
		{4E793979-A827-447D-8282-C0C0A75C461C}.Release|Any CPU.ActiveCfg = Release|Any CPU
		{4E793979-A827-447D-8282-C0C0A75C461C}.Release|Any CPU.Build.0 = Release|Any CPU
	EndGlobalSection
	GlobalSection(SolutionProperties) = preSolution
		HideSolutionNode = FALSE
	EndGlobalSection
	GlobalSection(ExtensibilityGlobals) = postSolution
		SolutionGuid = {03D9A08B-0AF5-4EF2-88CF-0381489F0393}
	EndGlobalSection
EndGlobal
